
Microsoft Visual Studio Solution File, Format Version 12.00
# Visual Studio Version 17
VisualStudioVersion = 17.8.34309.116
MinimumVisualStudioVersion = 10.0.40219.1
Project("{FAE04EC0-301F-11D3-BF4B-00C04F79EFBC}") = "ShopOnline.Web", "ShopOnline.Web\ShopOnline.Web.csproj", "{081A9D29-5DB8-4C63-BD12-05393F0298BE}"
EndProject
Project("{FAE04EC0-301F-11D3-BF4B-00C04F79EFBC}") = "ShopOnline.API", "ShopOnline.API\ShopOnline.API.csproj", "{8C02F1DD-5605-42FC-92CB-FB23BD96EAE5}"
EndProject
Project("{FAE04EC0-301F-11D3-BF4B-00C04F79EFBC}") = "ShopOnline.Models", "ShopOnline.Models\ShopOnline.Models.csproj", "{F20C6A19-31D9-400C-ABB1-F248872DF3DF}"
EndProject
Global
	GlobalSection(SolutionConfigurationPlatforms) = preSolution
		Debug|Any CPU = Debug|Any CPU
		Release|Any CPU = Release|Any CPU
	EndGlobalSection
	GlobalSection(ProjectConfigurationPlatforms) = postSolution
		{081A9D29-5DB8-4C63-BD12-05393F0298BE}.Debug|Any CPU.ActiveCfg = Debug|Any CPU
		{081A9D29-5DB8-4C63-BD12-05393F0298BE}.Debug|Any CPU.Build.0 = Debug|Any CPU
		{081A9D29-5DB8-4C63-BD12-05393F0298BE}.Release|Any CPU.ActiveCfg = Release|Any CPU
		{081A9D29-5DB8-4C63-BD12-05393F0298BE}.Release|Any CPU.Build.0 = Release|Any CPU
		{8C02F1DD-5605-42FC-92CB-FB23BD96EAE5}.Debug|Any CPU.ActiveCfg = Debug|Any CPU
		{8C02F1DD-5605-42FC-92CB-FB23BD96EAE5}.Debug|Any CPU.Build.0 = Debug|Any CPU
		{8C02F1DD-5605-42FC-92CB-FB23BD96EAE5}.Release|Any CPU.ActiveCfg = Release|Any CPU
		{8C02F1DD-5605-42FC-92CB-FB23BD96EAE5}.Release|Any CPU.Build.0 = Release|Any CPU
		{F20C6A19-31D9-400C-ABB1-F248872DF3DF}.Debug|Any CPU.ActiveCfg = Debug|Any CPU
		{F20C6A19-31D9-400C-ABB1-F248872DF3DF}.Debug|Any CPU.Build.0 = Debug|Any CPU
		{F20C6A19-31D9-400C-ABB1-F248872DF3DF}.Release|Any CPU.ActiveCfg = Release|Any CPU
		{F20C6A19-31D9-400C-ABB1-F248872DF3DF}.Release|Any CPU.Build.0 = Release|Any CPU
	EndGlobalSection
	GlobalSection(SolutionProperties) = preSolution
		HideSolutionNode = FALSE
	EndGlobalSection
	GlobalSection(ExtensibilityGlobals) = postSolution
		SolutionGuid = {2CC458DC-0014-4BFD-8F8D-498AE1E92541}
	EndGlobalSection
EndGlobal
